// !$*UTF8*$!
{
	archiveVersion = 1;
	classes = {
	};
	objectVersion = 56;
	objects = {

/* Begin PBXBuildFile section */
		CC2DD7852B4B5985005CC9C9 /* TodayApp.swift in Sources */ = {isa = PBXBuildFile; fileRef = CC2DD7842B4B5985005CC9C9 /* TodayApp.swift */; };
		CC2DD7872B4B5985005CC9C9 /* AppDetailColumn.swift in Sources */ = {isa = PBXBuildFile; fileRef = CC2DD7862B4B5985005CC9C9 /* AppDetailColumn.swift */; };
		CC2DD7892B4B5986005CC9C9 /* Assets.xcassets in Resources */ = {isa = PBXBuildFile; fileRef = CC2DD7882B4B5986005CC9C9 /* Assets.xcassets */; };
		CC2DD78D2B4B5986005CC9C9 /* Preview Assets.xcassets in Resources */ = {isa = PBXBuildFile; fileRef = CC2DD78C2B4B5986005CC9C9 /* Preview Assets.xcassets */; };
		CC2DD7972B4B5986005CC9C9 /* TodayTests.swift in Sources */ = {isa = PBXBuildFile; fileRef = CC2DD7962B4B5986005CC9C9 /* TodayTests.swift */; };
		CC2DD7A12B4B5986005CC9C9 /* TodayUITests.swift in Sources */ = {isa = PBXBuildFile; fileRef = CC2DD7A02B4B5986005CC9C9 /* TodayUITests.swift */; };
		CC2DD7A32B4B5986005CC9C9 /* TodayUITestsLaunchTests.swift in Sources */ = {isa = PBXBuildFile; fileRef = CC2DD7A22B4B5986005CC9C9 /* TodayUITestsLaunchTests.swift */; };
		CC2DD7B12B4B5C06005CC9C9 /* Reminder.swift in Sources */ = {isa = PBXBuildFile; fileRef = CC2DD7B02B4B5C06005CC9C9 /* Reminder.swift */; };
		CC2DD7B32B4B5C6C005CC9C9 /* Reminder+Extension.swift in Sources */ = {isa = PBXBuildFile; fileRef = CC2DD7B22B4B5C6C005CC9C9 /* Reminder+Extension.swift */; };
		CC2DD7BB2B4B9C4A005CC9C9 /* WidgetKit.framework in Frameworks */ = {isa = PBXBuildFile; fileRef = CC2DD7BA2B4B9C4A005CC9C9 /* WidgetKit.framework */; };
		CC2DD7BD2B4B9C4A005CC9C9 /* SwiftUI.framework in Frameworks */ = {isa = PBXBuildFile; fileRef = CC2DD7BC2B4B9C4A005CC9C9 /* SwiftUI.framework */; };
		CC2DD7C02B4B9C4A005CC9C9 /* Today2WidgetBundle.swift in Sources */ = {isa = PBXBuildFile; fileRef = CC2DD7BF2B4B9C4A005CC9C9 /* Today2WidgetBundle.swift */; };
		CC2DD7C22B4B9C4A005CC9C9 /* Today2WidgetLiveActivity.swift in Sources */ = {isa = PBXBuildFile; fileRef = CC2DD7C12B4B9C4A005CC9C9 /* Today2WidgetLiveActivity.swift */; };
		CC2DD7C42B4B9C4A005CC9C9 /* Today2Widget.swift in Sources */ = {isa = PBXBuildFile; fileRef = CC2DD7C32B4B9C4A005CC9C9 /* Today2Widget.swift */; };
		CC2DD7C62B4B9C4A005CC9C9 /* AppIntent.swift in Sources */ = {isa = PBXBuildFile; fileRef = CC2DD7C52B4B9C4A005CC9C9 /* AppIntent.swift */; };
		CC2DD7C82B4B9C4B005CC9C9 /* Assets.xcassets in Resources */ = {isa = PBXBuildFile; fileRef = CC2DD7C72B4B9C4B005CC9C9 /* Assets.xcassets */; };
		CC2DD7CC2B4B9C4B005CC9C9 /* Today2WidgetExtension.appex in Embed Foundation Extensions */ = {isa = PBXBuildFile; fileRef = CC2DD7B82B4B9C4A005CC9C9 /* Today2WidgetExtension.appex */; settings = {ATTRIBUTES = (RemoveHeadersOnCopy, ); }; };
		CC9954AF2B4B5DE00083E565 /* PreviewData.swift in Sources */ = {isa = PBXBuildFile; fileRef = CC9954AE2B4B5DE00083E565 /* PreviewData.swift */; };
		CC9954B12B4B5E740083E565 /* PrefersTabNavigationEnvironmentKey.swift in Sources */ = {isa = PBXBuildFile; fileRef = CC9954B02B4B5E740083E565 /* PrefersTabNavigationEnvironmentKey.swift */; };
		CC9954B32B4B5E970083E565 /* AppScreen.swift in Sources */ = {isa = PBXBuildFile; fileRef = CC9954B22B4B5E970083E565 /* AppScreen.swift */; };
		CC9954B52B4B5F820083E565 /* AppSidebarList.swift in Sources */ = {isa = PBXBuildFile; fileRef = CC9954B42B4B5F820083E565 /* AppSidebarList.swift */; };
		CC9954B72B4B60820083E565 /* ReminderListView.swift in Sources */ = {isa = PBXBuildFile; fileRef = CC9954B62B4B60820083E565 /* ReminderListView.swift */; };
		CC9954B92B4B60E30083E565 /* Date+Extension.swift in Sources */ = {isa = PBXBuildFile; fileRef = CC9954B82B4B60E30083E565 /* Date+Extension.swift */; };
		CC9954BE2B4B66850083E565 /* ReminderDetailView.swift in Sources */ = {isa = PBXBuildFile; fileRef = CC9954BD2B4B66850083E565 /* ReminderDetailView.swift */; };
		CC9954C02B4B6B470083E565 /* ReminderEditor.swift in Sources */ = {isa = PBXBuildFile; fileRef = CC9954BF2B4B6B470083E565 /* ReminderEditor.swift */; };
		CC9954C22B4B72EB0083E565 /* AppTabView.swift in Sources */ = {isa = PBXBuildFile; fileRef = CC9954C12B4B72EB0083E565 /* AppTabView.swift */; };
		CC9954C42B4B73CF0083E565 /* HomeView.swift in Sources */ = {isa = PBXBuildFile; fileRef = CC9954C32B4B73CF0083E565 /* HomeView.swift */; };
		CC9954C62B4B75370083E565 /* AppContentColumn.swift in Sources */ = {isa = PBXBuildFile; fileRef = CC9954C52B4B75370083E565 /* AppContentColumn.swift */; };
/* End PBXBuildFile section */

/* Begin PBXContainerItemProxy section */
		CC2DD7932B4B5986005CC9C9 /* PBXContainerItemProxy */ = {
			isa = PBXContainerItemProxy;
			containerPortal = CC2DD7792B4B5985005CC9C9 /* Project object */;
			proxyType = 1;
			remoteGlobalIDString = CC2DD7802B4B5985005CC9C9;
			remoteInfo = Today;
		};
		CC2DD79D2B4B5986005CC9C9 /* PBXContainerItemProxy */ = {
			isa = PBXContainerItemProxy;
			containerPortal = CC2DD7792B4B5985005CC9C9 /* Project object */;
			proxyType = 1;
			remoteGlobalIDString = CC2DD7802B4B5985005CC9C9;
			remoteInfo = Today;
		};
		CC2DD7CA2B4B9C4B005CC9C9 /* PBXContainerItemProxy */ = {
			isa = PBXContainerItemProxy;
			containerPortal = CC2DD7792B4B5985005CC9C9 /* Project object */;
			proxyType = 1;
			remoteGlobalIDString = CC2DD7B72B4B9C4A005CC9C9;
			remoteInfo = Today2WidgetExtension;
		};
/* End PBXContainerItemProxy section */

/* Begin PBXCopyFilesBuildPhase section */
		CC2DD7CD2B4B9C4B005CC9C9 /* Embed Foundation Extensions */ = {
			isa = PBXCopyFilesBuildPhase;
			buildActionMask = 2147483647;
			dstPath = "";
			dstSubfolderSpec = 13;
			files = (
				CC2DD7CC2B4B9C4B005CC9C9 /* Today2WidgetExtension.appex in Embed Foundation Extensions */,
			);
			name = "Embed Foundation Extensions";
			runOnlyForDeploymentPostprocessing = 0;
		};
/* End PBXCopyFilesBuildPhase section */

/* Begin PBXFileReference section */
		CC2DD7812B4B5985005CC9C9 /* Today.app */ = {isa = PBXFileReference; explicitFileType = wrapper.application; includeInIndex = 0; path = Today.app; sourceTree = BUILT_PRODUCTS_DIR; };
		CC2DD7842B4B5985005CC9C9 /* TodayApp.swift */ = {isa = PBXFileReference; lastKnownFileType = sourcecode.swift; path = TodayApp.swift; sourceTree = "<group>"; };
		CC2DD7862B4B5985005CC9C9 /* AppDetailColumn.swift */ = {isa = PBXFileReference; lastKnownFileType = sourcecode.swift; path = AppDetailColumn.swift; sourceTree = "<group>"; };
		CC2DD7882B4B5986005CC9C9 /* Assets.xcassets */ = {isa = PBXFileReference; lastKnownFileType = folder.assetcatalog; path = Assets.xcassets; sourceTree = "<group>"; };
		CC2DD78A2B4B5986005CC9C9 /* Today.entitlements */ = {isa = PBXFileReference; lastKnownFileType = text.plist.entitlements; path = Today.entitlements; sourceTree = "<group>"; };
		CC2DD78C2B4B5986005CC9C9 /* Preview Assets.xcassets */ = {isa = PBXFileReference; lastKnownFileType = folder.assetcatalog; path = "Preview Assets.xcassets"; sourceTree = "<group>"; };
		CC2DD7922B4B5986005CC9C9 /* TodayTests.xctest */ = {isa = PBXFileReference; explicitFileType = wrapper.cfbundle; includeInIndex = 0; path = TodayTests.xctest; sourceTree = BUILT_PRODUCTS_DIR; };
		CC2DD7962B4B5986005CC9C9 /* TodayTests.swift */ = {isa = PBXFileReference; lastKnownFileType = sourcecode.swift; path = TodayTests.swift; sourceTree = "<group>"; };
		CC2DD79C2B4B5986005CC9C9 /* TodayUITests.xctest */ = {isa = PBXFileReference; explicitFileType = wrapper.cfbundle; includeInIndex = 0; path = TodayUITests.xctest; sourceTree = BUILT_PRODUCTS_DIR; };
		CC2DD7A02B4B5986005CC9C9 /* TodayUITests.swift */ = {isa = PBXFileReference; lastKnownFileType = sourcecode.swift; path = TodayUITests.swift; sourceTree = "<group>"; };
		CC2DD7A22B4B5986005CC9C9 /* TodayUITestsLaunchTests.swift */ = {isa = PBXFileReference; lastKnownFileType = sourcecode.swift; path = TodayUITestsLaunchTests.swift; sourceTree = "<group>"; };
		CC2DD7AF2B4B5A4C005CC9C9 /* Info.plist */ = {isa = PBXFileReference; lastKnownFileType = text.plist; path = Info.plist; sourceTree = "<group>"; };
		CC2DD7B02B4B5C06005CC9C9 /* Reminder.swift */ = {isa = PBXFileReference; lastKnownFileType = sourcecode.swift; path = Reminder.swift; sourceTree = "<group>"; };
		CC2DD7B22B4B5C6C005CC9C9 /* Reminder+Extension.swift */ = {isa = PBXFileReference; lastKnownFileType = sourcecode.swift; path = "Reminder+Extension.swift"; sourceTree = "<group>"; };
		CC2DD7B82B4B9C4A005CC9C9 /* Today2WidgetExtension.appex */ = {isa = PBXFileReference; explicitFileType = "wrapper.app-extension"; includeInIndex = 0; path = Today2WidgetExtension.appex; sourceTree = BUILT_PRODUCTS_DIR; };
		CC2DD7BA2B4B9C4A005CC9C9 /* WidgetKit.framework */ = {isa = PBXFileReference; lastKnownFileType = wrapper.framework; name = WidgetKit.framework; path = System/Library/Frameworks/WidgetKit.framework; sourceTree = SDKROOT; };
		CC2DD7BC2B4B9C4A005CC9C9 /* SwiftUI.framework */ = {isa = PBXFileReference; lastKnownFileType = wrapper.framework; name = SwiftUI.framework; path = System/Library/Frameworks/SwiftUI.framework; sourceTree = SDKROOT; };
		CC2DD7BF2B4B9C4A005CC9C9 /* Today2WidgetBundle.swift */ = {isa = PBXFileReference; lastKnownFileType = sourcecode.swift; path = Today2WidgetBundle.swift; sourceTree = "<group>"; };
		CC2DD7C12B4B9C4A005CC9C9 /* Today2WidgetLiveActivity.swift */ = {isa = PBXFileReference; lastKnownFileType = sourcecode.swift; path = Today2WidgetLiveActivity.swift; sourceTree = "<group>"; };
		CC2DD7C32B4B9C4A005CC9C9 /* Today2Widget.swift */ = {isa = PBXFileReference; lastKnownFileType = sourcecode.swift; path = Today2Widget.swift; sourceTree = "<group>"; };
		CC2DD7C52B4B9C4A005CC9C9 /* AppIntent.swift */ = {isa = PBXFileReference; lastKnownFileType = sourcecode.swift; path = AppIntent.swift; sourceTree = "<group>"; };
		CC2DD7C72B4B9C4B005CC9C9 /* Assets.xcassets */ = {isa = PBXFileReference; lastKnownFileType = folder.assetcatalog; path = Assets.xcassets; sourceTree = "<group>"; };
		CC2DD7C92B4B9C4B005CC9C9 /* Info.plist */ = {isa = PBXFileReference; lastKnownFileType = text.plist.xml; path = Info.plist; sourceTree = "<group>"; };
		CC2DD7D12B4B9C7E005CC9C9 /* Today2WidgetExtension.entitlements */ = {isa = PBXFileReference; lastKnownFileType = text.plist.entitlements; path = Today2WidgetExtension.entitlements; sourceTree = "<group>"; };
		CC9954AE2B4B5DE00083E565 /* PreviewData.swift */ = {isa = PBXFileReference; lastKnownFileType = sourcecode.swift; path = PreviewData.swift; sourceTree = "<group>"; };
		CC9954B02B4B5E740083E565 /* PrefersTabNavigationEnvironmentKey.swift */ = {isa = PBXFileReference; lastKnownFileType = sourcecode.swift; path = PrefersTabNavigationEnvironmentKey.swift; sourceTree = "<group>"; };
		CC9954B22B4B5E970083E565 /* AppScreen.swift */ = {isa = PBXFileReference; lastKnownFileType = sourcecode.swift; path = AppScreen.swift; sourceTree = "<group>"; };
		CC9954B42B4B5F820083E565 /* AppSidebarList.swift */ = {isa = PBXFileReference; lastKnownFileType = sourcecode.swift; path = AppSidebarList.swift; sourceTree = "<group>"; };
		CC9954B62B4B60820083E565 /* ReminderListView.swift */ = {isa = PBXFileReference; lastKnownFileType = sourcecode.swift; path = ReminderListView.swift; sourceTree = "<group>"; };
		CC9954B82B4B60E30083E565 /* Date+Extension.swift */ = {isa = PBXFileReference; lastKnownFileType = sourcecode.swift; path = "Date+Extension.swift"; sourceTree = "<group>"; };
		CC9954BD2B4B66850083E565 /* ReminderDetailView.swift */ = {isa = PBXFileReference; lastKnownFileType = sourcecode.swift; path = ReminderDetailView.swift; sourceTree = "<group>"; };
		CC9954BF2B4B6B470083E565 /* ReminderEditor.swift */ = {isa = PBXFileReference; lastKnownFileType = sourcecode.swift; path = ReminderEditor.swift; sourceTree = "<group>"; };
		CC9954C12B4B72EB0083E565 /* AppTabView.swift */ = {isa = PBXFileReference; lastKnownFileType = sourcecode.swift; path = AppTabView.swift; sourceTree = "<group>"; };
		CC9954C32B4B73CF0083E565 /* HomeView.swift */ = {isa = PBXFileReference; lastKnownFileType = sourcecode.swift; path = HomeView.swift; sourceTree = "<group>"; };
		CC9954C52B4B75370083E565 /* AppContentColumn.swift */ = {isa = PBXFileReference; lastKnownFileType = sourcecode.swift; path = AppContentColumn.swift; sourceTree = "<group>"; };
/* End PBXFileReference section */

/* Begin PBXFrameworksBuildPhase section */
		CC2DD77E2B4B5985005CC9C9 /* Frameworks */ = {
			isa = PBXFrameworksBuildPhase;
			buildActionMask = 2147483647;
			files = (
			);
			runOnlyForDeploymentPostprocessing = 0;
		};
		CC2DD78F2B4B5986005CC9C9 /* Frameworks */ = {
			isa = PBXFrameworksBuildPhase;
			buildActionMask = 2147483647;
			files = (
			);
			runOnlyForDeploymentPostprocessing = 0;
		};
		CC2DD7992B4B5986005CC9C9 /* Frameworks */ = {
			isa = PBXFrameworksBuildPhase;
			buildActionMask = 2147483647;
			files = (
			);
			runOnlyForDeploymentPostprocessing = 0;
		};
		CC2DD7B52B4B9C4A005CC9C9 /* Frameworks */ = {
			isa = PBXFrameworksBuildPhase;
			buildActionMask = 2147483647;
			files = (
				CC2DD7BD2B4B9C4A005CC9C9 /* SwiftUI.framework in Frameworks */,
				CC2DD7BB2B4B9C4A005CC9C9 /* WidgetKit.framework in Frameworks */,
			);
			runOnlyForDeploymentPostprocessing = 0;
		};
/* End PBXFrameworksBuildPhase section */

/* Begin PBXGroup section */
		CC2DD7782B4B5985005CC9C9 = {
			isa = PBXGroup;
			children = (
				CC2DD7D12B4B9C7E005CC9C9 /* Today2WidgetExtension.entitlements */,
				CC2DD7832B4B5985005CC9C9 /* Today */,
				CC2DD7952B4B5986005CC9C9 /* TodayTests */,
				CC2DD79F2B4B5986005CC9C9 /* TodayUITests */,
				CC2DD7BE2B4B9C4A005CC9C9 /* Today2Widget */,
				CC2DD7B92B4B9C4A005CC9C9 /* Frameworks */,
				CC2DD7822B4B5985005CC9C9 /* Products */,
			);
			sourceTree = "<group>";
		};
		CC2DD7822B4B5985005CC9C9 /* Products */ = {
			isa = PBXGroup;
			children = (
				CC2DD7812B4B5985005CC9C9 /* Today.app */,
				CC2DD7922B4B5986005CC9C9 /* TodayTests.xctest */,
				CC2DD79C2B4B5986005CC9C9 /* TodayUITests.xctest */,
				CC2DD7B82B4B9C4A005CC9C9 /* Today2WidgetExtension.appex */,
			);
			name = Products;
			sourceTree = "<group>";
		};
		CC2DD7832B4B5985005CC9C9 /* Today */ = {
			isa = PBXGroup;
			children = (
				CC2DD7AF2B4B5A4C005CC9C9 /* Info.plist */,
				CC2DD7842B4B5985005CC9C9 /* TodayApp.swift */,
				CC9954BC2B4B62650083E565 /* Extension */,
				CC9954BB2B4B62600083E565 /* View */,
				CC9954BA2B4B625C0083E565 /* Model */,
				CC2DD7882B4B5986005CC9C9 /* Assets.xcassets */,
				CC2DD78A2B4B5986005CC9C9 /* Today.entitlements */,
				CC2DD78B2B4B5986005CC9C9 /* Preview Content */,
			);
			path = Today;
			sourceTree = "<group>";
		};
		CC2DD78B2B4B5986005CC9C9 /* Preview Content */ = {
			isa = PBXGroup;
			children = (
				CC2DD78C2B4B5986005CC9C9 /* Preview Assets.xcassets */,
			);
			path = "Preview Content";
			sourceTree = "<group>";
		};
		CC2DD7952B4B5986005CC9C9 /* TodayTests */ = {
			isa = PBXGroup;
			children = (
				CC2DD7962B4B5986005CC9C9 /* TodayTests.swift */,
			);
			path = TodayTests;
			sourceTree = "<group>";
		};
		CC2DD79F2B4B5986005CC9C9 /* TodayUITests */ = {
			isa = PBXGroup;
			children = (
				CC2DD7A02B4B5986005CC9C9 /* TodayUITests.swift */,
				CC2DD7A22B4B5986005CC9C9 /* TodayUITestsLaunchTests.swift */,
			);
			path = TodayUITests;
			sourceTree = "<group>";
		};
		CC2DD7B92B4B9C4A005CC9C9 /* Frameworks */ = {
			isa = PBXGroup;
			children = (
				CC2DD7BA2B4B9C4A005CC9C9 /* WidgetKit.framework */,
				CC2DD7BC2B4B9C4A005CC9C9 /* SwiftUI.framework */,
			);
			name = Frameworks;
			sourceTree = "<group>";
		};
		CC2DD7BE2B4B9C4A005CC9C9 /* Today2Widget */ = {
			isa = PBXGroup;
			children = (
				CC2DD7BF2B4B9C4A005CC9C9 /* Today2WidgetBundle.swift */,
				CC2DD7C12B4B9C4A005CC9C9 /* Today2WidgetLiveActivity.swift */,
				CC2DD7C32B4B9C4A005CC9C9 /* Today2Widget.swift */,
				CC2DD7C52B4B9C4A005CC9C9 /* AppIntent.swift */,
				CC2DD7C72B4B9C4B005CC9C9 /* Assets.xcassets */,
				CC2DD7C92B4B9C4B005CC9C9 /* Info.plist */,
			);
			path = Today2Widget;
			sourceTree = "<group>";
		};
		CC9954BA2B4B625C0083E565 /* Model */ = {
			isa = PBXGroup;
			children = (
				CC9954AE2B4B5DE00083E565 /* PreviewData.swift */,
				CC2DD7B02B4B5C06005CC9C9 /* Reminder.swift */,
				CC9954B02B4B5E740083E565 /* PrefersTabNavigationEnvironmentKey.swift */,
				CC9954B22B4B5E970083E565 /* AppScreen.swift */,
			);
			path = Model;
			sourceTree = "<group>";
		};
		CC9954BB2B4B62600083E565 /* View */ = {
			isa = PBXGroup;
			children = (
				CC9954B42B4B5F820083E565 /* AppSidebarList.swift */,
				CC2DD7862B4B5985005CC9C9 /* AppDetailColumn.swift */,
				CC9954C52B4B75370083E565 /* AppContentColumn.swift */,
				CC9954C12B4B72EB0083E565 /* AppTabView.swift */,
				CC9954C32B4B73CF0083E565 /* HomeView.swift */,
				CC9954B62B4B60820083E565 /* ReminderListView.swift */,
				CC9954BF2B4B6B470083E565 /* ReminderEditor.swift */,
				CC9954BD2B4B66850083E565 /* ReminderDetailView.swift */,
			);
			path = View;
			sourceTree = "<group>";
		};
		CC9954BC2B4B62650083E565 /* Extension */ = {
			isa = PBXGroup;
			children = (
				CC9954B82B4B60E30083E565 /* Date+Extension.swift */,
				CC2DD7B22B4B5C6C005CC9C9 /* Reminder+Extension.swift */,
			);
			path = Extension;
			sourceTree = "<group>";
		};
/* End PBXGroup section */

/* Begin PBXNativeTarget section */
		CC2DD7802B4B5985005CC9C9 /* Today */ = {
			isa = PBXNativeTarget;
			buildConfigurationList = CC2DD7A62B4B5986005CC9C9 /* Build configuration list for PBXNativeTarget "Today" */;
			buildPhases = (
				CC2DD77D2B4B5985005CC9C9 /* Sources */,
				CC2DD77E2B4B5985005CC9C9 /* Frameworks */,
				CC2DD77F2B4B5985005CC9C9 /* Resources */,
				CC2DD7CD2B4B9C4B005CC9C9 /* Embed Foundation Extensions */,
			);
			buildRules = (
			);
			dependencies = (
				CC2DD7CB2B4B9C4B005CC9C9 /* PBXTargetDependency */,
			);
			name = Today;
			productName = Today;
			productReference = CC2DD7812B4B5985005CC9C9 /* Today.app */;
			productType = "com.apple.product-type.application";
		};
		CC2DD7912B4B5986005CC9C9 /* TodayTests */ = {
			isa = PBXNativeTarget;
			buildConfigurationList = CC2DD7A92B4B5986005CC9C9 /* Build configuration list for PBXNativeTarget "TodayTests" */;
			buildPhases = (
				CC2DD78E2B4B5986005CC9C9 /* Sources */,
				CC2DD78F2B4B5986005CC9C9 /* Frameworks */,
				CC2DD7902B4B5986005CC9C9 /* Resources */,
			);
			buildRules = (
			);
			dependencies = (
				CC2DD7942B4B5986005CC9C9 /* PBXTargetDependency */,
			);
			name = TodayTests;
			productName = TodayTests;
			productReference = CC2DD7922B4B5986005CC9C9 /* TodayTests.xctest */;
			productType = "com.apple.product-type.bundle.unit-test";
		};
		CC2DD79B2B4B5986005CC9C9 /* TodayUITests */ = {
			isa = PBXNativeTarget;
			buildConfigurationList = CC2DD7AC2B4B5986005CC9C9 /* Build configuration list for PBXNativeTarget "TodayUITests" */;
			buildPhases = (
				CC2DD7982B4B5986005CC9C9 /* Sources */,
				CC2DD7992B4B5986005CC9C9 /* Frameworks */,
				CC2DD79A2B4B5986005CC9C9 /* Resources */,
			);
			buildRules = (
			);
			dependencies = (
				CC2DD79E2B4B5986005CC9C9 /* PBXTargetDependency */,
			);
			name = TodayUITests;
			productName = TodayUITests;
			productReference = CC2DD79C2B4B5986005CC9C9 /* TodayUITests.xctest */;
			productType = "com.apple.product-type.bundle.ui-testing";
		};
		CC2DD7B72B4B9C4A005CC9C9 /* Today2WidgetExtension */ = {
			isa = PBXNativeTarget;
			buildConfigurationList = CC2DD7D02B4B9C4B005CC9C9 /* Build configuration list for PBXNativeTarget "Today2WidgetExtension" */;
			buildPhases = (
				CC2DD7B42B4B9C4A005CC9C9 /* Sources */,
				CC2DD7B52B4B9C4A005CC9C9 /* Frameworks */,
				CC2DD7B62B4B9C4A005CC9C9 /* Resources */,
			);
			buildRules = (
			);
			dependencies = (
			);
			name = Today2WidgetExtension;
			productName = Today2WidgetExtension;
			productReference = CC2DD7B82B4B9C4A005CC9C9 /* Today2WidgetExtension.appex */;
			productType = "com.apple.product-type.app-extension";
		};
/* End PBXNativeTarget section */

/* Begin PBXProject section */
		CC2DD7792B4B5985005CC9C9 /* Project object */ = {
			isa = PBXProject;
			attributes = {
				BuildIndependentTargetsInParallel = 1;
				LastSwiftUpdateCheck = 1520;
				LastUpgradeCheck = 1520;
				TargetAttributes = {
					CC2DD7802B4B5985005CC9C9 = {
						CreatedOnToolsVersion = 15.2;
					};
					CC2DD7912B4B5986005CC9C9 = {
						CreatedOnToolsVersion = 15.2;
						TestTargetID = CC2DD7802B4B5985005CC9C9;
					};
					CC2DD79B2B4B5986005CC9C9 = {
						CreatedOnToolsVersion = 15.2;
						TestTargetID = CC2DD7802B4B5985005CC9C9;
					};
					CC2DD7B72B4B9C4A005CC9C9 = {
						CreatedOnToolsVersion = 15.2;
					};
				};
			};
			buildConfigurationList = CC2DD77C2B4B5985005CC9C9 /* Build configuration list for PBXProject "Today" */;
			compatibilityVersion = "Xcode 14.0";
			developmentRegion = en;
			hasScannedForEncodings = 0;
			knownRegions = (
				en,
				Base,
			);
			mainGroup = CC2DD7782B4B5985005CC9C9;
			productRefGroup = CC2DD7822B4B5985005CC9C9 /* Products */;
			projectDirPath = "";
			projectRoot = "";
			targets = (
				CC2DD7802B4B5985005CC9C9 /* Today */,
				CC2DD7912B4B5986005CC9C9 /* TodayTests */,
				CC2DD79B2B4B5986005CC9C9 /* TodayUITests */,
				CC2DD7B72B4B9C4A005CC9C9 /* Today2WidgetExtension */,
			);
		};
/* End PBXProject section */

/* Begin PBXResourcesBuildPhase section */
		CC2DD77F2B4B5985005CC9C9 /* Resources */ = {
			isa = PBXResourcesBuildPhase;
			buildActionMask = 2147483647;
			files = (
				CC2DD78D2B4B5986005CC9C9 /* Preview Assets.xcassets in Resources */,
				CC2DD7892B4B5986005CC9C9 /* Assets.xcassets in Resources */,
			);
			runOnlyForDeploymentPostprocessing = 0;
		};
		CC2DD7902B4B5986005CC9C9 /* Resources */ = {
			isa = PBXResourcesBuildPhase;
			buildActionMask = 2147483647;
			files = (
			);
			runOnlyForDeploymentPostprocessing = 0;
		};
		CC2DD79A2B4B5986005CC9C9 /* Resources */ = {
			isa = PBXResourcesBuildPhase;
			buildActionMask = 2147483647;
			files = (
			);
			runOnlyForDeploymentPostprocessing = 0;
		};
		CC2DD7B62B4B9C4A005CC9C9 /* Resources */ = {
			isa = PBXResourcesBuildPhase;
			buildActionMask = 2147483647;
			files = (
				CC2DD7C82B4B9C4B005CC9C9 /* Assets.xcassets in Resources */,
			);
			runOnlyForDeploymentPostprocessing = 0;
		};
/* End PBXResourcesBuildPhase section */

/* Begin PBXSourcesBuildPhase section */
		CC2DD77D2B4B5985005CC9C9 /* Sources */ = {
			isa = PBXSourcesBuildPhase;
			buildActionMask = 2147483647;
			files = (
				CC9954B72B4B60820083E565 /* ReminderListView.swift in Sources */,
				CC9954C42B4B73CF0083E565 /* HomeView.swift in Sources */,
				CC9954AF2B4B5DE00083E565 /* PreviewData.swift in Sources */,
				CC9954B32B4B5E970083E565 /* AppScreen.swift in Sources */,
				CC2DD7B12B4B5C06005CC9C9 /* Reminder.swift in Sources */,
				CC9954BE2B4B66850083E565 /* ReminderDetailView.swift in Sources */,
				CC9954C62B4B75370083E565 /* AppContentColumn.swift in Sources */,
				CC2DD7B32B4B5C6C005CC9C9 /* Reminder+Extension.swift in Sources */,
				CC9954B92B4B60E30083E565 /* Date+Extension.swift in Sources */,
				CC2DD7872B4B5985005CC9C9 /* AppDetailColumn.swift in Sources */,
				CC9954C02B4B6B470083E565 /* ReminderEditor.swift in Sources */,
				CC2DD7852B4B5985005CC9C9 /* TodayApp.swift in Sources */,
				CC9954B52B4B5F820083E565 /* AppSidebarList.swift in Sources */,
				CC9954C22B4B72EB0083E565 /* AppTabView.swift in Sources */,
				CC9954B12B4B5E740083E565 /* PrefersTabNavigationEnvironmentKey.swift in Sources */,
			);
			runOnlyForDeploymentPostprocessing = 0;
		};
		CC2DD78E2B4B5986005CC9C9 /* Sources */ = {
			isa = PBXSourcesBuildPhase;
			buildActionMask = 2147483647;
			files = (
				CC2DD7972B4B5986005CC9C9 /* TodayTests.swift in Sources */,
			);
			runOnlyForDeploymentPostprocessing = 0;
		};
		CC2DD7982B4B5986005CC9C9 /* Sources */ = {
			isa = PBXSourcesBuildPhase;
			buildActionMask = 2147483647;
			files = (
				CC2DD7A32B4B5986005CC9C9 /* TodayUITestsLaunchTests.swift in Sources */,
				CC2DD7A12B4B5986005CC9C9 /* TodayUITests.swift in Sources */,
			);
			runOnlyForDeploymentPostprocessing = 0;
		};
		CC2DD7B42B4B9C4A005CC9C9 /* Sources */ = {
			isa = PBXSourcesBuildPhase;
			buildActionMask = 2147483647;
			files = (
				CC2DD7C42B4B9C4A005CC9C9 /* Today2Widget.swift in Sources */,
				CC2DD7C62B4B9C4A005CC9C9 /* AppIntent.swift in Sources */,
				CC2DD7C02B4B9C4A005CC9C9 /* Today2WidgetBundle.swift in Sources */,
				CC2DD7C22B4B9C4A005CC9C9 /* Today2WidgetLiveActivity.swift in Sources */,
			);
			runOnlyForDeploymentPostprocessing = 0;
		};
/* End PBXSourcesBuildPhase section */

/* Begin PBXTargetDependency section */
		CC2DD7942B4B5986005CC9C9 /* PBXTargetDependency */ = {
			isa = PBXTargetDependency;
			target = CC2DD7802B4B5985005CC9C9 /* Today */;
			targetProxy = CC2DD7932B4B5986005CC9C9 /* PBXContainerItemProxy */;
		};
		CC2DD79E2B4B5986005CC9C9 /* PBXTargetDependency */ = {
			isa = PBXTargetDependency;
			target = CC2DD7802B4B5985005CC9C9 /* Today */;
			targetProxy = CC2DD79D2B4B5986005CC9C9 /* PBXContainerItemProxy */;
		};
		CC2DD7CB2B4B9C4B005CC9C9 /* PBXTargetDependency */ = {
			isa = PBXTargetDependency;
			target = CC2DD7B72B4B9C4A005CC9C9 /* Today2WidgetExtension */;
			targetProxy = CC2DD7CA2B4B9C4B005CC9C9 /* PBXContainerItemProxy */;
		};
/* End PBXTargetDependency section */

/* Begin XCBuildConfiguration section */
		CC2DD7A42B4B5986005CC9C9 /* Debug */ = {
			isa = XCBuildConfiguration;
			buildSettings = {
				ALWAYS_SEARCH_USER_PATHS = NO;
				ASSETCATALOG_COMPILER_GENERATE_SWIFT_ASSET_SYMBOL_EXTENSIONS = YES;
				CLANG_ANALYZER_NONNULL = YES;
				CLANG_ANALYZER_NUMBER_OBJECT_CONVERSION = YES_AGGRESSIVE;
				CLANG_CXX_LANGUAGE_STANDARD = "gnu++20";
				CLANG_ENABLE_MODULES = YES;
				CLANG_ENABLE_OBJC_ARC = YES;
				CLANG_ENABLE_OBJC_WEAK = YES;
				CLANG_WARN_BLOCK_CAPTURE_AUTORELEASING = YES;
				CLANG_WARN_BOOL_CONVERSION = YES;
				CLANG_WARN_COMMA = YES;
				CLANG_WARN_CONSTANT_CONVERSION = YES;
				CLANG_WARN_DEPRECATED_OBJC_IMPLEMENTATIONS = YES;
				CLANG_WARN_DIRECT_OBJC_ISA_USAGE = YES_ERROR;
				CLANG_WARN_DOCUMENTATION_COMMENTS = YES;
				CLANG_WARN_EMPTY_BODY = YES;
				CLANG_WARN_ENUM_CONVERSION = YES;
				CLANG_WARN_INFINITE_RECURSION = YES;
				CLANG_WARN_INT_CONVERSION = YES;
				CLANG_WARN_NON_LITERAL_NULL_CONVERSION = YES;
				CLANG_WARN_OBJC_IMPLICIT_RETAIN_SELF = YES;
				CLANG_WARN_OBJC_LITERAL_CONVERSION = YES;
				CLANG_WARN_OBJC_ROOT_CLASS = YES_ERROR;
				CLANG_WARN_QUOTED_INCLUDE_IN_FRAMEWORK_HEADER = YES;
				CLANG_WARN_RANGE_LOOP_ANALYSIS = YES;
				CLANG_WARN_STRICT_PROTOTYPES = YES;
				CLANG_WARN_SUSPICIOUS_MOVE = YES;
				CLANG_WARN_UNGUARDED_AVAILABILITY = YES_AGGRESSIVE;
				CLANG_WARN_UNREACHABLE_CODE = YES;
				CLANG_WARN__DUPLICATE_METHOD_MATCH = YES;
				COPY_PHASE_STRIP = NO;
				DEBUG_INFORMATION_FORMAT = dwarf;
				ENABLE_STRICT_OBJC_MSGSEND = YES;
				ENABLE_TESTABILITY = YES;
				ENABLE_USER_SCRIPT_SANDBOXING = YES;
				GCC_C_LANGUAGE_STANDARD = gnu17;
				GCC_DYNAMIC_NO_PIC = NO;
				GCC_NO_COMMON_BLOCKS = YES;
				GCC_OPTIMIZATION_LEVEL = 0;
				GCC_PREPROCESSOR_DEFINITIONS = (
					"DEBUG=1",
					"$(inherited)",
				);
				GCC_WARN_64_TO_32_BIT_CONVERSION = YES;
				GCC_WARN_ABOUT_RETURN_TYPE = YES_ERROR;
				GCC_WARN_UNDECLARED_SELECTOR = YES;
				GCC_WARN_UNINITIALIZED_AUTOS = YES_AGGRESSIVE;
				GCC_WARN_UNUSED_FUNCTION = YES;
				GCC_WARN_UNUSED_VARIABLE = YES;
				LOCALIZATION_PREFERS_STRING_CATALOGS = YES;
				MTL_ENABLE_DEBUG_INFO = INCLUDE_SOURCE;
				MTL_FAST_MATH = YES;
				ONLY_ACTIVE_ARCH = YES;
				SWIFT_ACTIVE_COMPILATION_CONDITIONS = "DEBUG $(inherited)";
				SWIFT_OPTIMIZATION_LEVEL = "-Onone";
			};
			name = Debug;
		};
		CC2DD7A52B4B5986005CC9C9 /* Release */ = {
			isa = XCBuildConfiguration;
			buildSettings = {
				ALWAYS_SEARCH_USER_PATHS = NO;
				ASSETCATALOG_COMPILER_GENERATE_SWIFT_ASSET_SYMBOL_EXTENSIONS = YES;
				CLANG_ANALYZER_NONNULL = YES;
				CLANG_ANALYZER_NUMBER_OBJECT_CONVERSION = YES_AGGRESSIVE;
				CLANG_CXX_LANGUAGE_STANDARD = "gnu++20";
				CLANG_ENABLE_MODULES = YES;
				CLANG_ENABLE_OBJC_ARC = YES;
				CLANG_ENABLE_OBJC_WEAK = YES;
				CLANG_WARN_BLOCK_CAPTURE_AUTORELEASING = YES;
				CLANG_WARN_BOOL_CONVERSION = YES;
				CLANG_WARN_COMMA = YES;
				CLANG_WARN_CONSTANT_CONVERSION = YES;
				CLANG_WARN_DEPRECATED_OBJC_IMPLEMENTATIONS = YES;
				CLANG_WARN_DIRECT_OBJC_ISA_USAGE = YES_ERROR;
				CLANG_WARN_DOCUMENTATION_COMMENTS = YES;
				CLANG_WARN_EMPTY_BODY = YES;
				CLANG_WARN_ENUM_CONVERSION = YES;
				CLANG_WARN_INFINITE_RECURSION = YES;
				CLANG_WARN_INT_CONVERSION = YES;
				CLANG_WARN_NON_LITERAL_NULL_CONVERSION = YES;
				CLANG_WARN_OBJC_IMPLICIT_RETAIN_SELF = YES;
				CLANG_WARN_OBJC_LITERAL_CONVERSION = YES;
				CLANG_WARN_OBJC_ROOT_CLASS = YES_ERROR;
				CLANG_WARN_QUOTED_INCLUDE_IN_FRAMEWORK_HEADER = YES;
				CLANG_WARN_RANGE_LOOP_ANALYSIS = YES;
				CLANG_WARN_STRICT_PROTOTYPES = YES;
				CLANG_WARN_SUSPICIOUS_MOVE = YES;
				CLANG_WARN_UNGUARDED_AVAILABILITY = YES_AGGRESSIVE;
				CLANG_WARN_UNREACHABLE_CODE = YES;
				CLANG_WARN__DUPLICATE_METHOD_MATCH = YES;
				COPY_PHASE_STRIP = NO;
				DEBUG_INFORMATION_FORMAT = "dwarf-with-dsym";
				ENABLE_NS_ASSERTIONS = NO;
				ENABLE_STRICT_OBJC_MSGSEND = YES;
				ENABLE_USER_SCRIPT_SANDBOXING = YES;
				GCC_C_LANGUAGE_STANDARD = gnu17;
				GCC_NO_COMMON_BLOCKS = YES;
				GCC_WARN_64_TO_32_BIT_CONVERSION = YES;
				GCC_WARN_ABOUT_RETURN_TYPE = YES_ERROR;
				GCC_WARN_UNDECLARED_SELECTOR = YES;
				GCC_WARN_UNINITIALIZED_AUTOS = YES_AGGRESSIVE;
				GCC_WARN_UNUSED_FUNCTION = YES;
				GCC_WARN_UNUSED_VARIABLE = YES;
				LOCALIZATION_PREFERS_STRING_CATALOGS = YES;
				MTL_ENABLE_DEBUG_INFO = NO;
				MTL_FAST_MATH = YES;
				SWIFT_COMPILATION_MODE = wholemodule;
			};
			name = Release;
		};
		CC2DD7A72B4B5986005CC9C9 /* Debug */ = {
			isa = XCBuildConfiguration;
			buildSettings = {
				ALWAYS_EMBED_SWIFT_STANDARD_LIBRARIES = YES;
				ASSETCATALOG_COMPILER_APPICON_NAME = AppIcon;
				ASSETCATALOG_COMPILER_GLOBAL_ACCENT_COLOR_NAME = AccentColor;
				CODE_SIGN_ENTITLEMENTS = Today/Today.entitlements;
				CODE_SIGN_STYLE = Automatic;
				CURRENT_PROJECT_VERSION = 1;
				DEVELOPMENT_ASSET_PATHS = "\"Today/Preview Content\"";
				DEVELOPMENT_TEAM = 88QL9VPLMY;
				ENABLE_HARDENED_RUNTIME = YES;
				ENABLE_PREVIEWS = YES;
				GENERATE_INFOPLIST_FILE = YES;
				INFOPLIST_FILE = Today/Info.plist;
				"INFOPLIST_KEY_UIApplicationSceneManifest_Generation[sdk=iphoneos*]" = YES;
				"INFOPLIST_KEY_UIApplicationSceneManifest_Generation[sdk=iphonesimulator*]" = YES;
				"INFOPLIST_KEY_UIApplicationSupportsIndirectInputEvents[sdk=iphoneos*]" = YES;
				"INFOPLIST_KEY_UIApplicationSupportsIndirectInputEvents[sdk=iphonesimulator*]" = YES;
				"INFOPLIST_KEY_UILaunchScreen_Generation[sdk=iphoneos*]" = YES;
				"INFOPLIST_KEY_UILaunchScreen_Generation[sdk=iphonesimulator*]" = YES;
				"INFOPLIST_KEY_UIStatusBarStyle[sdk=iphoneos*]" = UIStatusBarStyleDefault;
				"INFOPLIST_KEY_UIStatusBarStyle[sdk=iphonesimulator*]" = UIStatusBarStyleDefault;
				INFOPLIST_KEY_UISupportedInterfaceOrientations_iPad = "UIInterfaceOrientationPortrait UIInterfaceOrientationPortraitUpsideDown UIInterfaceOrientationLandscapeLeft UIInterfaceOrientationLandscapeRight";
				INFOPLIST_KEY_UISupportedInterfaceOrientations_iPhone = "UIInterfaceOrientationPortrait UIInterfaceOrientationLandscapeLeft UIInterfaceOrientationLandscapeRight";
				IPHONEOS_DEPLOYMENT_TARGET = 17.2;
				LD_RUNPATH_SEARCH_PATHS = "@executable_path/Frameworks";
				"LD_RUNPATH_SEARCH_PATHS[sdk=macosx*]" = "@executable_path/../Frameworks";
				MACOSX_DEPLOYMENT_TARGET = 14.2;
				MARKETING_VERSION = 1.0;
				PRODUCT_BUNDLE_IDENTIFIER = com.transfinite.Today;
				PRODUCT_NAME = "$(TARGET_NAME)";
				SDKROOT = auto;
				SUPPORTED_PLATFORMS = "iphoneos iphonesimulator macosx xros xrsimulator";
				SUPPORTS_MACCATALYST = NO;
				SWIFT_EMIT_LOC_STRINGS = YES;
				SWIFT_VERSION = 5.0;
				TARGETED_DEVICE_FAMILY = "1,2,7";
			};
			name = Debug;
		};
		CC2DD7A82B4B5986005CC9C9 /* Release */ = {
			isa = XCBuildConfiguration;
			buildSettings = {
				ALWAYS_EMBED_SWIFT_STANDARD_LIBRARIES = YES;
				ASSETCATALOG_COMPILER_APPICON_NAME = AppIcon;
				ASSETCATALOG_COMPILER_GLOBAL_ACCENT_COLOR_NAME = AccentColor;
				CODE_SIGN_ENTITLEMENTS = Today/Today.entitlements;
				CODE_SIGN_STYLE = Automatic;
				CURRENT_PROJECT_VERSION = 1;
				DEVELOPMENT_ASSET_PATHS = "\"Today/Preview Content\"";
				DEVELOPMENT_TEAM = 88QL9VPLMY;
				ENABLE_HARDENED_RUNTIME = YES;
				ENABLE_PREVIEWS = YES;
				GENERATE_INFOPLIST_FILE = YES;
				INFOPLIST_FILE = Today/Info.plist;
				"INFOPLIST_KEY_UIApplicationSceneManifest_Generation[sdk=iphoneos*]" = YES;
				"INFOPLIST_KEY_UIApplicationSceneManifest_Generation[sdk=iphonesimulator*]" = YES;
				"INFOPLIST_KEY_UIApplicationSupportsIndirectInputEvents[sdk=iphoneos*]" = YES;
				"INFOPLIST_KEY_UIApplicationSupportsIndirectInputEvents[sdk=iphonesimulator*]" = YES;
				"INFOPLIST_KEY_UILaunchScreen_Generation[sdk=iphoneos*]" = YES;
				"INFOPLIST_KEY_UILaunchScreen_Generation[sdk=iphonesimulator*]" = YES;
				"INFOPLIST_KEY_UIStatusBarStyle[sdk=iphoneos*]" = UIStatusBarStyleDefault;
				"INFOPLIST_KEY_UIStatusBarStyle[sdk=iphonesimulator*]" = UIStatusBarStyleDefault;
				INFOPLIST_KEY_UISupportedInterfaceOrientations_iPad = "UIInterfaceOrientationPortrait UIInterfaceOrientationPortraitUpsideDown UIInterfaceOrientationLandscapeLeft UIInterfaceOrientationLandscapeRight";
				INFOPLIST_KEY_UISupportedInterfaceOrientations_iPhone = "UIInterfaceOrientationPortrait UIInterfaceOrientationLandscapeLeft UIInterfaceOrientationLandscapeRight";
				IPHONEOS_DEPLOYMENT_TARGET = 17.2;
				LD_RUNPATH_SEARCH_PATHS = "@executable_path/Frameworks";
				"LD_RUNPATH_SEARCH_PATHS[sdk=macosx*]" = "@executable_path/../Frameworks";
				MACOSX_DEPLOYMENT_TARGET = 14.2;
				MARKETING_VERSION = 1.0;
				PRODUCT_BUNDLE_IDENTIFIER = com.transfinite.Today;
				PRODUCT_NAME = "$(TARGET_NAME)";
				SDKROOT = auto;
				SUPPORTED_PLATFORMS = "iphoneos iphonesimulator macosx xros xrsimulator";
				SUPPORTS_MACCATALYST = NO;
				SWIFT_EMIT_LOC_STRINGS = YES;
				SWIFT_VERSION = 5.0;
				TARGETED_DEVICE_FAMILY = "1,2,7";
			};
			name = Release;
		};
		CC2DD7AA2B4B5986005CC9C9 /* Debug */ = {
			isa = XCBuildConfiguration;
			buildSettings = {
				ALWAYS_EMBED_SWIFT_STANDARD_LIBRARIES = YES;
				BUNDLE_LOADER = "$(TEST_HOST)";
				CODE_SIGN_STYLE = Automatic;
				CURRENT_PROJECT_VERSION = 1;
				DEVELOPMENT_TEAM = 88QL9VPLMY;
				GENERATE_INFOPLIST_FILE = YES;
				IPHONEOS_DEPLOYMENT_TARGET = 17.2;
				MACOSX_DEPLOYMENT_TARGET = 14.2;
				MARKETING_VERSION = 1.0;
				PRODUCT_BUNDLE_IDENTIFIER = com.transfinite.TodayTests;
				PRODUCT_NAME = "$(TARGET_NAME)";
				SDKROOT = auto;
				SUPPORTED_PLATFORMS = "iphoneos iphonesimulator macosx";
				SWIFT_EMIT_LOC_STRINGS = NO;
				SWIFT_VERSION = 5.0;
				TARGETED_DEVICE_FAMILY = "1,2";
				TEST_HOST = "$(BUILT_PRODUCTS_DIR)/Today.app/$(BUNDLE_EXECUTABLE_FOLDER_PATH)/Today";
			};
			name = Debug;
		};
		CC2DD7AB2B4B5986005CC9C9 /* Release */ = {
			isa = XCBuildConfiguration;
			buildSettings = {
				ALWAYS_EMBED_SWIFT_STANDARD_LIBRARIES = YES;
				BUNDLE_LOADER = "$(TEST_HOST)";
				CODE_SIGN_STYLE = Automatic;
				CURRENT_PROJECT_VERSION = 1;
				DEVELOPMENT_TEAM = 88QL9VPLMY;
				GENERATE_INFOPLIST_FILE = YES;
				IPHONEOS_DEPLOYMENT_TARGET = 17.2;
				MACOSX_DEPLOYMENT_TARGET = 14.2;
				MARKETING_VERSION = 1.0;
				PRODUCT_BUNDLE_IDENTIFIER = com.transfinite.TodayTests;
				PRODUCT_NAME = "$(TARGET_NAME)";
				SDKROOT = auto;
				SUPPORTED_PLATFORMS = "iphoneos iphonesimulator macosx";
				SWIFT_EMIT_LOC_STRINGS = NO;
				SWIFT_VERSION = 5.0;
				TARGETED_DEVICE_FAMILY = "1,2";
				TEST_HOST = "$(BUILT_PRODUCTS_DIR)/Today.app/$(BUNDLE_EXECUTABLE_FOLDER_PATH)/Today";
			};
			name = Release;
		};
		CC2DD7AD2B4B5986005CC9C9 /* Debug */ = {
			isa = XCBuildConfiguration;
			buildSettings = {
				ALWAYS_EMBED_SWIFT_STANDARD_LIBRARIES = YES;
				CODE_SIGN_STYLE = Automatic;
				CURRENT_PROJECT_VERSION = 1;
				DEVELOPMENT_TEAM = 88QL9VPLMY;
				GENERATE_INFOPLIST_FILE = YES;
				IPHONEOS_DEPLOYMENT_TARGET = 17.2;
				MACOSX_DEPLOYMENT_TARGET = 14.2;
				MARKETING_VERSION = 1.0;
				PRODUCT_BUNDLE_IDENTIFIER = com.transfinite.TodayUITests;
				PRODUCT_NAME = "$(TARGET_NAME)";
				SDKROOT = auto;
				SUPPORTED_PLATFORMS = "iphoneos iphonesimulator macosx";
				SWIFT_EMIT_LOC_STRINGS = NO;
				SWIFT_VERSION = 5.0;
				TARGETED_DEVICE_FAMILY = "1,2";
				TEST_TARGET_NAME = Today;
			};
			name = Debug;
		};
		CC2DD7AE2B4B5986005CC9C9 /* Release */ = {
			isa = XCBuildConfiguration;
			buildSettings = {
				ALWAYS_EMBED_SWIFT_STANDARD_LIBRARIES = YES;
				CODE_SIGN_STYLE = Automatic;
				CURRENT_PROJECT_VERSION = 1;
				DEVELOPMENT_TEAM = 88QL9VPLMY;
				GENERATE_INFOPLIST_FILE = YES;
				IPHONEOS_DEPLOYMENT_TARGET = 17.2;
				MACOSX_DEPLOYMENT_TARGET = 14.2;
				MARKETING_VERSION = 1.0;
				PRODUCT_BUNDLE_IDENTIFIER = com.transfinite.TodayUITests;
				PRODUCT_NAME = "$(TARGET_NAME)";
				SDKROOT = auto;
				SUPPORTED_PLATFORMS = "iphoneos iphonesimulator macosx";
				SWIFT_EMIT_LOC_STRINGS = NO;
				SWIFT_VERSION = 5.0;
				TARGETED_DEVICE_FAMILY = "1,2";
				TEST_TARGET_NAME = Today;
			};
			name = Release;
		};
		CC2DD7CE2B4B9C4B005CC9C9 /* Debug */ = {
			isa = XCBuildConfiguration;
			buildSettings = {
				ASSETCATALOG_COMPILER_GLOBAL_ACCENT_COLOR_NAME = AccentColor;
				ASSETCATALOG_COMPILER_WIDGET_BACKGROUND_COLOR_NAME = WidgetBackground;
				CODE_SIGN_ENTITLEMENTS = Today2WidgetExtension.entitlements;
				CODE_SIGN_STYLE = Automatic;
				CURRENT_PROJECT_VERSION = 1;
				DEVELOPMENT_TEAM = 88QL9VPLMY;
				GENERATE_INFOPLIST_FILE = YES;
				INFOPLIST_FILE = Today2Widget/Info.plist;
				INFOPLIST_KEY_CFBundleDisplayName = Today2Widget;
				INFOPLIST_KEY_NSHumanReadableCopyright = "";
				IPHONEOS_DEPLOYMENT_TARGET = 17.2;
				LD_RUNPATH_SEARCH_PATHS = (
					"$(inherited)",
					"@executable_path/Frameworks",
					"@executable_path/../../Frameworks",
				);
				MARKETING_VERSION = 1.0;
				PRODUCT_BUNDLE_IDENTIFIER = com.transfinite.Today.Today2Widget;
				PRODUCT_NAME = "$(TARGET_NAME)";
				SDKROOT = iphoneos;
				SKIP_INSTALL = YES;
				SWIFT_EMIT_LOC_STRINGS = YES;
				SWIFT_VERSION = 5.0;
				TARGETED_DEVICE_FAMILY = "1,2";
			};
			name = Debug;
		};
		CC2DD7CF2B4B9C4B005CC9C9 /* Release */ = {
			isa = XCBuildConfiguration;
			buildSettings = {
				ASSETCATALOG_COMPILER_GLOBAL_ACCENT_COLOR_NAME = AccentColor;
				ASSETCATALOG_COMPILER_WIDGET_BACKGROUND_COLOR_NAME = WidgetBackground;
				CODE_SIGN_ENTITLEMENTS = Today2WidgetExtension.entitlements;
				CODE_SIGN_STYLE = Automatic;
				CURRENT_PROJECT_VERSION = 1;
				DEVELOPMENT_TEAM = 88QL9VPLMY;
				GENERATE_INFOPLIST_FILE = YES;
				INFOPLIST_FILE = Today2Widget/Info.plist;
				INFOPLIST_KEY_CFBundleDisplayName = Today2Widget;
				INFOPLIST_KEY_NSHumanReadableCopyright = "";
				IPHONEOS_DEPLOYMENT_TARGET = 17.2;
				LD_RUNPATH_SEARCH_PATHS = (
					"$(inherited)",
					"@executable_path/Frameworks",
					"@executable_path/../../Frameworks",
				);
				MARKETING_VERSION = 1.0;
				PRODUCT_BUNDLE_IDENTIFIER = com.transfinite.Today.Today2Widget;
				PRODUCT_NAME = "$(TARGET_NAME)";
				SDKROOT = iphoneos;
				SKIP_INSTALL = YES;
				SWIFT_EMIT_LOC_STRINGS = YES;
				SWIFT_VERSION = 5.0;
				TARGETED_DEVICE_FAMILY = "1,2";
				VALIDATE_PRODUCT = YES;
			};
			name = Release;
		};
/* End XCBuildConfiguration section */

/* Begin XCConfigurationList section */
		CC2DD77C2B4B5985005CC9C9 /* Build configuration list for PBXProject "Today" */ = {
			isa = XCConfigurationList;
			buildConfigurations = (
				CC2DD7A42B4B5986005CC9C9 /* Debug */,
				CC2DD7A52B4B5986005CC9C9 /* Release */,
			);
			defaultConfigurationIsVisible = 0;
			defaultConfigurationName = Release;
		};
		CC2DD7A62B4B5986005CC9C9 /* Build configuration list for PBXNativeTarget "Today" */ = {
			isa = XCConfigurationList;
			buildConfigurations = (
				CC2DD7A72B4B5986005CC9C9 /* Debug */,
				CC2DD7A82B4B5986005CC9C9 /* Release */,
			);
			defaultConfigurationIsVisible = 0;
			defaultConfigurationName = Release;
		};
		CC2DD7A92B4B5986005CC9C9 /* Build configuration list for PBXNativeTarget "TodayTests" */ = {
			isa = XCConfigurationList;
			buildConfigurations = (
				CC2DD7AA2B4B5986005CC9C9 /* Debug */,
				CC2DD7AB2B4B5986005CC9C9 /* Release */,
			);
			defaultConfigurationIsVisible = 0;
			defaultConfigurationName = Release;
		};
		CC2DD7AC2B4B5986005CC9C9 /* Build configuration list for PBXNativeTarget "TodayUITests" */ = {
			isa = XCConfigurationList;
			buildConfigurations = (
				CC2DD7AD2B4B5986005CC9C9 /* Debug */,
				CC2DD7AE2B4B5986005CC9C9 /* Release */,
			);
			defaultConfigurationIsVisible = 0;
			defaultConfigurationName = Release;
		};
		CC2DD7D02B4B9C4B005CC9C9 /* Build configuration list for PBXNativeTarget "Today2WidgetExtension" */ = {
			isa = XCConfigurationList;
			buildConfigurations = (
				CC2DD7CE2B4B9C4B005CC9C9 /* Debug */,
				CC2DD7CF2B4B9C4B005CC9C9 /* Release */,
			);
			defaultConfigurationIsVisible = 0;
			defaultConfigurationName = Release;
		};
/* End XCConfigurationList section */
	};
	rootObject = CC2DD7792B4B5985005CC9C9 /* Project object */;
}
